PODS:
  - Kingfisher (5.14.1):
    - Kingfisher/Core (= 5.14.1)
  - Kingfisher/Core (5.14.1)

DEPENDENCIES:
  - Kingfisher

SPEC REPOS:
  trunk:
    - Kingfisher

SPEC CHECKSUMS:
  Kingfisher: 8050bc6f7f68cbf3908bd04df7ccbac188f6d6d6

PODFILE CHECKSUM: b8f7f2337be2e8988241a7b48a8c76f0300a3d5e

COCOAPODS: 1.8.4
