// !$*UTF8*$!
{
	archiveVersion = 1;
	classes = {
	};
	objectVersion = 51;
	objects = {

/* Begin PBXBuildFile section */
		40C99FC87036E376AC584414 /* Pods_TheSportsDB.framework in Frameworks */ = {isa = PBXBuildFile; fileRef = 6C06FA939E19C0C9C5951794 /* Pods_TheSportsDB.framework */; };
		B847B1B824FC10960075EF5D /* LeagueCell.swift in Sources */ = {isa = PBXBuildFile; fileRef = B847B1B624FC10960075EF5D /* LeagueCell.swift */; };
		B847B1B924FC10960075EF5D /* LeagueCell.xib in Resources */ = {isa = PBXBuildFile; fileRef = B847B1B724FC10960075EF5D /* LeagueCell.xib */; };
		B847B1BC24FC14190075EF5D /* Collection+Extension.swift in Sources */ = {isa = PBXBuildFile; fileRef = B847B1BB24FC14190075EF5D /* Collection+Extension.swift */; };
		B847B1BE24FC22960075EF5D /* TeamsVC.swift in Sources */ = {isa = PBXBuildFile; fileRef = B847B1BD24FC22960075EF5D /* TeamsVC.swift */; };
		B847B1C024FC24960075EF5D /* TeamService.swift in Sources */ = {isa = PBXBuildFile; fileRef = B847B1BF24FC24960075EF5D /* TeamService.swift */; };
		B847B1C224FC24FB0075EF5D /* Teams.swift in Sources */ = {isa = PBXBuildFile; fileRef = B847B1C124FC24FB0075EF5D /* Teams.swift */; };
		B847B1C924FC28070075EF5D /* TeamCell.swift in Sources */ = {isa = PBXBuildFile; fileRef = B847B1C724FC28070075EF5D /* TeamCell.swift */; };
		B847B1CA24FC28070075EF5D /* TeamCell.xib in Resources */ = {isa = PBXBuildFile; fileRef = B847B1C824FC28070075EF5D /* TeamCell.xib */; };
		B88AFAB724FC303400A7A84C /* PlayersVC.swift in Sources */ = {isa = PBXBuildFile; fileRef = B88AFAB624FC303400A7A84C /* PlayersVC.swift */; };
		B88AFABA24FC31C300A7A84C /* Players.swift in Sources */ = {isa = PBXBuildFile; fileRef = B88AFAB924FC31C300A7A84C /* Players.swift */; };
		B88AFABC24FC32C300A7A84C /* PlayerService.swift in Sources */ = {isa = PBXBuildFile; fileRef = B88AFABB24FC32C300A7A84C /* PlayerService.swift */; };
		B88AFAC024FC33C500A7A84C /* PlayerCell.xib in Resources */ = {isa = PBXBuildFile; fileRef = B88AFABE24FC33C500A7A84C /* PlayerCell.xib */; };
		B88AFAC124FC33C500A7A84C /* PlayerCell.swift in Sources */ = {isa = PBXBuildFile; fileRef = B88AFABF24FC33C500A7A84C /* PlayerCell.swift */; };
		B89FE8FA24F958A400B007F9 /* AppDelegate.swift in Sources */ = {isa = PBXBuildFile; fileRef = B89FE8F924F958A400B007F9 /* AppDelegate.swift */; };
		B89FE8FC24F958A400B007F9 /* SceneDelegate.swift in Sources */ = {isa = PBXBuildFile; fileRef = B89FE8FB24F958A400B007F9 /* SceneDelegate.swift */; };
		B89FE8FE24F958A400B007F9 /* LeaguesVC.swift in Sources */ = {isa = PBXBuildFile; fileRef = B89FE8FD24F958A400B007F9 /* LeaguesVC.swift */; };
		B89FE90124F958A400B007F9 /* Main.storyboard in Resources */ = {isa = PBXBuildFile; fileRef = B89FE8FF24F958A400B007F9 /* Main.storyboard */; };
		B89FE90324F958A500B007F9 /* Assets.xcassets in Resources */ = {isa = PBXBuildFile; fileRef = B89FE90224F958A500B007F9 /* Assets.xcassets */; };
		B89FE90624F958A500B007F9 /* LaunchScreen.storyboard in Resources */ = {isa = PBXBuildFile; fileRef = B89FE90424F958A500B007F9 /* LaunchScreen.storyboard */; };
		B89FE91124FBC9AA00B007F9 /* Constant.swift in Sources */ = {isa = PBXBuildFile; fileRef = B89FE91024FBC9AA00B007F9 /* Constant.swift */; };
		B89FE91424FBC9DB00B007F9 /* Router.swift in Sources */ = {isa = PBXBuildFile; fileRef = B89FE91224FBC9DB00B007F9 /* Router.swift */; };
		B89FE91524FBC9DB00B007F9 /* API.swift in Sources */ = {isa = PBXBuildFile; fileRef = B89FE91324FBC9DB00B007F9 /* API.swift */; };
		B89FE91E24FBCF2900B007F9 /* Leagues.swift in Sources */ = {isa = PBXBuildFile; fileRef = B89FE91D24FBCF2900B007F9 /* Leagues.swift */; };
		B89FE92224FBCFBA00B007F9 /* LeagueService.swift in Sources */ = {isa = PBXBuildFile; fileRef = B89FE92124FBCFBA00B007F9 /* LeagueService.swift */; };
/* End PBXBuildFile section */

/* Begin PBXFileReference section */
		08204FA8AC495C27749D3DBB /* Pods-TheSportsDB.release.xcconfig */ = {isa = PBXFileReference; includeInIndex = 1; lastKnownFileType = text.xcconfig; name = "Pods-TheSportsDB.release.xcconfig"; path = "Target Support Files/Pods-TheSportsDB/Pods-TheSportsDB.release.xcconfig"; sourceTree = "<group>"; };
		484906110BAE4065B9DF87D4 /* Pods-TheSportsDB.debug.xcconfig */ = {isa = PBXFileReference; includeInIndex = 1; lastKnownFileType = text.xcconfig; name = "Pods-TheSportsDB.debug.xcconfig"; path = "Target Support Files/Pods-TheSportsDB/Pods-TheSportsDB.debug.xcconfig"; sourceTree = "<group>"; };
		6C06FA939E19C0C9C5951794 /* Pods_TheSportsDB.framework */ = {isa = PBXFileReference; explicitFileType = wrapper.framework; includeInIndex = 0; path = Pods_TheSportsDB.framework; sourceTree = BUILT_PRODUCTS_DIR; };
		B847B1B624FC10960075EF5D /* LeagueCell.swift */ = {isa = PBXFileReference; fileEncoding = 4; lastKnownFileType = sourcecode.swift; path = LeagueCell.swift; sourceTree = "<group>"; };
		B847B1B724FC10960075EF5D /* LeagueCell.xib */ = {isa = PBXFileReference; fileEncoding = 4; lastKnownFileType = file.xib; path = LeagueCell.xib; sourceTree = "<group>"; };
		B847B1BB24FC14190075EF5D /* Collection+Extension.swift */ = {isa = PBXFileReference; lastKnownFileType = sourcecode.swift; path = "Collection+Extension.swift"; sourceTree = "<group>"; };
		B847B1BD24FC22960075EF5D /* TeamsVC.swift */ = {isa = PBXFileReference; lastKnownFileType = sourcecode.swift; path = TeamsVC.swift; sourceTree = "<group>"; };
		B847B1BF24FC24960075EF5D /* TeamService.swift */ = {isa = PBXFileReference; lastKnownFileType = sourcecode.swift; path = TeamService.swift; sourceTree = "<group>"; };
		B847B1C124FC24FB0075EF5D /* Teams.swift */ = {isa = PBXFileReference; lastKnownFileType = sourcecode.swift; path = Teams.swift; sourceTree = "<group>"; };
		B847B1C724FC28070075EF5D /* TeamCell.swift */ = {isa = PBXFileReference; fileEncoding = 4; lastKnownFileType = sourcecode.swift; path = TeamCell.swift; sourceTree = "<group>"; };
		B847B1C824FC28070075EF5D /* TeamCell.xib */ = {isa = PBXFileReference; fileEncoding = 4; lastKnownFileType = file.xib; path = TeamCell.xib; sourceTree = "<group>"; };
		B88AFAB624FC303400A7A84C /* PlayersVC.swift */ = {isa = PBXFileReference; lastKnownFileType = sourcecode.swift; path = PlayersVC.swift; sourceTree = "<group>"; };
		B88AFAB924FC31C300A7A84C /* Players.swift */ = {isa = PBXFileReference; lastKnownFileType = sourcecode.swift; path = Players.swift; sourceTree = "<group>"; };
		B88AFABB24FC32C300A7A84C /* PlayerService.swift */ = {isa = PBXFileReference; lastKnownFileType = sourcecode.swift; path = PlayerService.swift; sourceTree = "<group>"; };
		B88AFABE24FC33C500A7A84C /* PlayerCell.xib */ = {isa = PBXFileReference; fileEncoding = 4; lastKnownFileType = file.xib; path = PlayerCell.xib; sourceTree = "<group>"; };
		B88AFABF24FC33C500A7A84C /* PlayerCell.swift */ = {isa = PBXFileReference; fileEncoding = 4; lastKnownFileType = sourcecode.swift; path = PlayerCell.swift; sourceTree = "<group>"; };
		B89FE8F624F958A300B007F9 /* TheSportsDB.app */ = {isa = PBXFileReference; explicitFileType = wrapper.application; includeInIndex = 0; path = TheSportsDB.app; sourceTree = BUILT_PRODUCTS_DIR; };
		B89FE8F924F958A400B007F9 /* AppDelegate.swift */ = {isa = PBXFileReference; lastKnownFileType = sourcecode.swift; path = AppDelegate.swift; sourceTree = "<group>"; };
		B89FE8FB24F958A400B007F9 /* SceneDelegate.swift */ = {isa = PBXFileReference; lastKnownFileType = sourcecode.swift; path = SceneDelegate.swift; sourceTree = "<group>"; };
		B89FE8FD24F958A400B007F9 /* LeaguesVC.swift */ = {isa = PBXFileReference; lastKnownFileType = sourcecode.swift; path = LeaguesVC.swift; sourceTree = "<group>"; };
		B89FE90024F958A400B007F9 /* Base */ = {isa = PBXFileReference; lastKnownFileType = file.storyboard; name = Base; path = Base.lproj/Main.storyboard; sourceTree = "<group>"; };
		B89FE90224F958A500B007F9 /* Assets.xcassets */ = {isa = PBXFileReference; lastKnownFileType = folder.assetcatalog; path = Assets.xcassets; sourceTree = "<group>"; };
		B89FE90524F958A500B007F9 /* Base */ = {isa = PBXFileReference; lastKnownFileType = file.storyboard; name = Base; path = Base.lproj/LaunchScreen.storyboard; sourceTree = "<group>"; };
		B89FE90724F958A500B007F9 /* Info.plist */ = {isa = PBXFileReference; lastKnownFileType = text.plist.xml; path = Info.plist; sourceTree = "<group>"; };
		B89FE91024FBC9AA00B007F9 /* Constant.swift */ = {isa = PBXFileReference; lastKnownFileType = sourcecode.swift; path = Constant.swift; sourceTree = "<group>"; };
		B89FE91224FBC9DB00B007F9 /* Router.swift */ = {isa = PBXFileReference; fileEncoding = 4; lastKnownFileType = sourcecode.swift; path = Router.swift; sourceTree = "<group>"; };
		B89FE91324FBC9DB00B007F9 /* API.swift */ = {isa = PBXFileReference; fileEncoding = 4; lastKnownFileType = sourcecode.swift; path = API.swift; sourceTree = "<group>"; };
		B89FE91D24FBCF2900B007F9 /* Leagues.swift */ = {isa = PBXFileReference; lastKnownFileType = sourcecode.swift; path = Leagues.swift; sourceTree = "<group>"; };
		B89FE92124FBCFBA00B007F9 /* LeagueService.swift */ = {isa = PBXFileReference; lastKnownFileType = sourcecode.swift; path = LeagueService.swift; sourceTree = "<group>"; };
/* End PBXFileReference section */

/* Begin PBXFrameworksBuildPhase section */
		B89FE8F324F958A300B007F9 /* Frameworks */ = {
			isa = PBXFrameworksBuildPhase;
			buildActionMask = 2147483647;
			files = (
				40C99FC87036E376AC584414 /* Pods_TheSportsDB.framework in Frameworks */,
			);
			runOnlyForDeploymentPostprocessing = 0;
		};
/* End PBXFrameworksBuildPhase section */

/* Begin PBXGroup section */
		66A6F4FEBB6C96BB97DDA393 /* Frameworks */ = {
			isa = PBXGroup;
			children = (
				6C06FA939E19C0C9C5951794 /* Pods_TheSportsDB.framework */,
			);
			name = Frameworks;
			sourceTree = "<group>";
		};
		B847B1B524FC10830075EF5D /* Cell */ = {
			isa = PBXGroup;
			children = (
				B847B1B624FC10960075EF5D /* LeagueCell.swift */,
				B847B1B724FC10960075EF5D /* LeagueCell.xib */,
			);
			path = Cell;
			sourceTree = "<group>";
		};
		B847B1C324FC27600075EF5D /* Cell */ = {
			isa = PBXGroup;
			children = (
				B847B1C724FC28070075EF5D /* TeamCell.swift */,
				B847B1C824FC28070075EF5D /* TeamCell.xib */,
			);
			path = Cell;
			sourceTree = "<group>";
		};
		B847B1C524FC27700075EF5D /* Leagues */ = {
			isa = PBXGroup;
			children = (
				B89FE8FD24F958A400B007F9 /* LeaguesVC.swift */,
				B847B1B524FC10830075EF5D /* Cell */,
			);
			path = Leagues;
			sourceTree = "<group>";
		};
		B847B1C624FC27790075EF5D /* Teams */ = {
			isa = PBXGroup;
			children = (
				B847B1BD24FC22960075EF5D /* TeamsVC.swift */,
				B847B1C324FC27600075EF5D /* Cell */,
			);
			path = Teams;
			sourceTree = "<group>";
		};
		B88AFAB524FC302600A7A84C /* Players */ = {
			isa = PBXGroup;
			children = (
				B88AFAB624FC303400A7A84C /* PlayersVC.swift */,
				B88AFABD24FC33A100A7A84C /* Cell */,
			);
			path = Players;
			sourceTree = "<group>";
		};
		B88AFABD24FC33A100A7A84C /* Cell */ = {
			isa = PBXGroup;
			children = (
				B88AFABF24FC33C500A7A84C /* PlayerCell.swift */,
				B88AFABE24FC33C500A7A84C /* PlayerCell.xib */,
			);
			path = Cell;
			sourceTree = "<group>";
		};
		B89FE8ED24F958A300B007F9 = {
			isa = PBXGroup;
			children = (
				B89FE8F824F958A300B007F9 /* TheSportsDB */,
				B89FE8F724F958A300B007F9 /* Products */,
				BEE862A3F3AB1A7BFB30F977 /* Pods */,
				66A6F4FEBB6C96BB97DDA393 /* Frameworks */,
			);
			sourceTree = "<group>";
		};
		B89FE8F724F958A300B007F9 /* Products */ = {
			isa = PBXGroup;
			children = (
				B89FE8F624F958A300B007F9 /* TheSportsDB.app */,
			);
			name = Products;
			sourceTree = "<group>";
		};
		B89FE8F824F958A300B007F9 /* TheSportsDB */ = {
			isa = PBXGroup;
			children = (
				B89FE8F924F958A400B007F9 /* AppDelegate.swift */,
				B89FE8FB24F958A400B007F9 /* SceneDelegate.swift */,
				B89FE90724F958A500B007F9 /* Info.plist */,
				B89FE90224F958A500B007F9 /* Assets.xcassets */,
				B89FE90D24FBC3BA00B007F9 /* Config */,
				B89FE90E24FBC3BE00B007F9 /* Router */,
				B89FE91624FBCD6500B007F9 /* Storyboard */,
				B89FE91724FBCD7A00B007F9 /* Module */,
				B89FE91824FBCDA100B007F9 /* Service */,
				B89FE91A24FBCDB100B007F9 /* Model */,
				B89FE91B24FBCDBD00B007F9 /* Utils */,
			);
			path = TheSportsDB;
			sourceTree = "<group>";
		};
		B89FE90D24FBC3BA00B007F9 /* Config */ = {
			isa = PBXGroup;
			children = (
				B89FE91024FBC9AA00B007F9 /* Constant.swift */,
			);
			path = Config;
			sourceTree = "<group>";
		};
		B89FE90E24FBC3BE00B007F9 /* Router */ = {
			isa = PBXGroup;
			children = (
				B89FE91324FBC9DB00B007F9 /* API.swift */,
				B89FE91224FBC9DB00B007F9 /* Router.swift */,
			);
			path = Router;
			sourceTree = "<group>";
		};
		B89FE91624FBCD6500B007F9 /* Storyboard */ = {
			isa = PBXGroup;
			children = (
				B89FE90424F958A500B007F9 /* LaunchScreen.storyboard */,
				B89FE8FF24F958A400B007F9 /* Main.storyboard */,
			);
			path = Storyboard;
			sourceTree = "<group>";
		};
		B89FE91724FBCD7A00B007F9 /* Module */ = {
			isa = PBXGroup;
			children = (
				B847B1C524FC27700075EF5D /* Leagues */,
				B847B1C624FC27790075EF5D /* Teams */,
				B88AFAB524FC302600A7A84C /* Players */,
			);
			path = Module;
			sourceTree = "<group>";
		};
		B89FE91824FBCDA100B007F9 /* Service */ = {
			isa = PBXGroup;
			children = (
				B89FE92124FBCFBA00B007F9 /* LeagueService.swift */,
				B847B1BF24FC24960075EF5D /* TeamService.swift */,
				B88AFABB24FC32C300A7A84C /* PlayerService.swift */,
			);
			path = Service;
			sourceTree = "<group>";
		};
		B89FE91A24FBCDB100B007F9 /* Model */ = {
			isa = PBXGroup;
			children = (
				B89FE91D24FBCF2900B007F9 /* Leagues.swift */,
				B847B1C124FC24FB0075EF5D /* Teams.swift */,
				B88AFAB924FC31C300A7A84C /* Players.swift */,
			);
			path = Model;
			sourceTree = "<group>";
		};
		B89FE91B24FBCDBD00B007F9 /* Utils */ = {
			isa = PBXGroup;
			children = (
				B89FE91C24FBCDC900B007F9 /* Extension */,
			);
			path = Utils;
			sourceTree = "<group>";
		};
		B89FE91C24FBCDC900B007F9 /* Extension */ = {
			isa = PBXGroup;
			children = (
				B847B1BB24FC14190075EF5D /* Collection+Extension.swift */,
			);
			path = Extension;
			sourceTree = "<group>";
		};
		BEE862A3F3AB1A7BFB30F977 /* Pods */ = {
			isa = PBXGroup;
			children = (
				484906110BAE4065B9DF87D4 /* Pods-TheSportsDB.debug.xcconfig */,
				08204FA8AC495C27749D3DBB /* Pods-TheSportsDB.release.xcconfig */,
			);
			path = Pods;
			sourceTree = "<group>";
		};
/* End PBXGroup section */

/* Begin PBXNativeTarget section */
		B89FE8F524F958A300B007F9 /* TheSportsDB */ = {
			isa = PBXNativeTarget;
			buildConfigurationList = B89FE90A24F958A600B007F9 /* Build configuration list for PBXNativeTarget "TheSportsDB" */;
			buildPhases = (
				5AD6C0ADDD1C6B366811B636 /* [CP] Check Pods Manifest.lock */,
				B89FE8F224F958A300B007F9 /* Sources */,
				B89FE8F324F958A300B007F9 /* Frameworks */,
				B89FE8F424F958A300B007F9 /* Resources */,
				90779920598495A920C624B2 /* [CP] Embed Pods Frameworks */,
			);
			buildRules = (
			);
			dependencies = (
			);
			name = TheSportsDB;
			productName = TheSportsDB;
			productReference = B89FE8F624F958A300B007F9 /* TheSportsDB.app */;
			productType = "com.apple.product-type.application";
		};
/* End PBXNativeTarget section */

/* Begin PBXProject section */
		B89FE8EE24F958A300B007F9 /* Project object */ = {
			isa = PBXProject;
			attributes = {
				LastSwiftUpdateCheck = 1160;
				LastUpgradeCheck = 1160;
				ORGANIZATIONNAME = "Quentin Gallois";
				TargetAttributes = {
					B89FE8F524F958A300B007F9 = {
						CreatedOnToolsVersion = 11.6;
					};
				};
			};
			buildConfigurationList = B89FE8F124F958A300B007F9 /* Build configuration list for PBXProject "TheSportsDB" */;
			compatibilityVersion = "Xcode 9.3";
			developmentRegion = en;
			hasScannedForEncodings = 0;
			knownRegions = (
				en,
				Base,
			);
			mainGroup = B89FE8ED24F958A300B007F9;
			productRefGroup = B89FE8F724F958A300B007F9 /* Products */;
			projectDirPath = "";
			projectRoot = "";
			targets = (
				B89FE8F524F958A300B007F9 /* TheSportsDB */,
			);
		};
/* End PBXProject section */

/* Begin PBXResourcesBuildPhase section */
		B89FE8F424F958A300B007F9 /* Resources */ = {
			isa = PBXResourcesBuildPhase;
			buildActionMask = 2147483647;
			files = (
				B88AFAC024FC33C500A7A84C /* PlayerCell.xib in Resources */,
				B89FE90624F958A500B007F9 /* LaunchScreen.storyboard in Resources */,
				B847B1CA24FC28070075EF5D /* TeamCell.xib in Resources */,
				B89FE90324F958A500B007F9 /* Assets.xcassets in Resources */,
				B847B1B924FC10960075EF5D /* LeagueCell.xib in Resources */,
				B89FE90124F958A400B007F9 /* Main.storyboard in Resources */,
			);
			runOnlyForDeploymentPostprocessing = 0;
		};
/* End PBXResourcesBuildPhase section */

/* Begin PBXShellScriptBuildPhase section */
		5AD6C0ADDD1C6B366811B636 /* [CP] Check Pods Manifest.lock */ = {
			isa = PBXShellScriptBuildPhase;
			buildActionMask = 2147483647;
			files = (
			);
			inputFileListPaths = (
			);
			inputPaths = (
				"${PODS_PODFILE_DIR_PATH}/Podfile.lock",
				"${PODS_ROOT}/Manifest.lock",
			);
			name = "[CP] Check Pods Manifest.lock";
			outputFileListPaths = (
			);
			outputPaths = (
				"$(DERIVED_FILE_DIR)/Pods-TheSportsDB-checkManifestLockResult.txt",
			);
			runOnlyForDeploymentPostprocessing = 0;
			shellPath = /bin/sh;
			shellScript = "diff \"${PODS_PODFILE_DIR_PATH}/Podfile.lock\" \"${PODS_ROOT}/Manifest.lock\" > /dev/null\nif [ $? != 0 ] ; then\n    # print error to STDERR\n    echo \"error: The sandbox is not in sync with the Podfile.lock. Run 'pod install' or update your CocoaPods installation.\" >&2\n    exit 1\nfi\n# This output is used by Xcode 'outputs' to avoid re-running this script phase.\necho \"SUCCESS\" > \"${SCRIPT_OUTPUT_FILE_0}\"\n";
			showEnvVarsInLog = 0;
		};
		90779920598495A920C624B2 /* [CP] Embed Pods Frameworks */ = {
			isa = PBXShellScriptBuildPhase;
			buildActionMask = 2147483647;
			files = (
			);
			inputFileListPaths = (
				"${PODS_ROOT}/Target Support Files/Pods-TheSportsDB/Pods-TheSportsDB-frameworks-${CONFIGURATION}-input-files.xcfilelist",
			);
			name = "[CP] Embed Pods Frameworks";
			outputFileListPaths = (
				"${PODS_ROOT}/Target Support Files/Pods-TheSportsDB/Pods-TheSportsDB-frameworks-${CONFIGURATION}-output-files.xcfilelist",
			);
			runOnlyForDeploymentPostprocessing = 0;
			shellPath = /bin/sh;
			shellScript = "\"${PODS_ROOT}/Target Support Files/Pods-TheSportsDB/Pods-TheSportsDB-frameworks.sh\"\n";
			showEnvVarsInLog = 0;
		};
/* End PBXShellScriptBuildPhase section */

/* Begin PBXSourcesBuildPhase section */
		B89FE8F224F958A300B007F9 /* Sources */ = {
			isa = PBXSourcesBuildPhase;
			buildActionMask = 2147483647;
			files = (
				B89FE91E24FBCF2900B007F9 /* Leagues.swift in Sources */,
				B89FE8FE24F958A400B007F9 /* LeaguesVC.swift in Sources */,
				B89FE92224FBCFBA00B007F9 /* LeagueService.swift in Sources */,
				B89FE8FA24F958A400B007F9 /* AppDelegate.swift in Sources */,
				B847B1C024FC24960075EF5D /* TeamService.swift in Sources */,
				B847B1B824FC10960075EF5D /* LeagueCell.swift in Sources */,
				B88AFAB724FC303400A7A84C /* PlayersVC.swift in Sources */,
				B89FE91424FBC9DB00B007F9 /* Router.swift in Sources */,
				B88AFABA24FC31C300A7A84C /* Players.swift in Sources */,
				B847B1C224FC24FB0075EF5D /* Teams.swift in Sources */,
				B89FE8FC24F958A400B007F9 /* SceneDelegate.swift in Sources */,
				B847B1BE24FC22960075EF5D /* TeamsVC.swift in Sources */,
				B88AFAC124FC33C500A7A84C /* PlayerCell.swift in Sources */,
				B88AFABC24FC32C300A7A84C /* PlayerService.swift in Sources */,
				B847B1C924FC28070075EF5D /* TeamCell.swift in Sources */,
				B89FE91524FBC9DB00B007F9 /* API.swift in Sources */,
				B89FE91124FBC9AA00B007F9 /* Constant.swift in Sources */,
				B847B1BC24FC14190075EF5D /* Collection+Extension.swift in Sources */,
			);
			runOnlyForDeploymentPostprocessing = 0;
		};
/* End PBXSourcesBuildPhase section */

/* Begin PBXVariantGroup section */
		B89FE8FF24F958A400B007F9 /* Main.storyboard */ = {
			isa = PBXVariantGroup;
			children = (
				B89FE90024F958A400B007F9 /* Base */,
			);
			name = Main.storyboard;
			sourceTree = "<group>";
		};
		B89FE90424F958A500B007F9 /* LaunchScreen.storyboard */ = {
			isa = PBXVariantGroup;
			children = (
				B89FE90524F958A500B007F9 /* Base */,
			);
			name = LaunchScreen.storyboard;
			sourceTree = "<group>";
		};
/* End PBXVariantGroup section */

/* Begin XCBuildConfiguration section */
		B89FE90824F958A500B007F9 /* Debug */ = {
			isa = XCBuildConfiguration;
			buildSettings = {
				ALWAYS_SEARCH_USER_PATHS = NO;
				CLANG_ANALYZER_NONNULL = YES;
				CLANG_ANALYZER_NUMBER_OBJECT_CONVERSION = YES_AGGRESSIVE;
				CLANG_CXX_LANGUAGE_STANDARD = "gnu++14";
				CLANG_CXX_LIBRARY = "libc++";
				CLANG_ENABLE_MODULES = YES;
				CLANG_ENABLE_OBJC_ARC = YES;
				CLANG_ENABLE_OBJC_WEAK = YES;
				CLANG_WARN_BLOCK_CAPTURE_AUTORELEASING = YES;
				CLANG_WARN_BOOL_CONVERSION = YES;
				CLANG_WARN_COMMA = YES;
				CLANG_WARN_CONSTANT_CONVERSION = YES;
				CLANG_WARN_DEPRECATED_OBJC_IMPLEMENTATIONS = YES;
				CLANG_WARN_DIRECT_OBJC_ISA_USAGE = YES_ERROR;
				CLANG_WARN_DOCUMENTATION_COMMENTS = YES;
				CLANG_WARN_EMPTY_BODY = YES;
				CLANG_WARN_ENUM_CONVERSION = YES;
				CLANG_WARN_INFINITE_RECURSION = YES;
				CLANG_WARN_INT_CONVERSION = YES;
				CLANG_WARN_NON_LITERAL_NULL_CONVERSION = YES;
				CLANG_WARN_OBJC_IMPLICIT_RETAIN_SELF = YES;
				CLANG_WARN_OBJC_LITERAL_CONVERSION = YES;
				CLANG_WARN_OBJC_ROOT_CLASS = YES_ERROR;
				CLANG_WARN_RANGE_LOOP_ANALYSIS = YES;
				CLANG_WARN_STRICT_PROTOTYPES = YES;
				CLANG_WARN_SUSPICIOUS_MOVE = YES;
				CLANG_WARN_UNGUARDED_AVAILABILITY = YES_AGGRESSIVE;
				CLANG_WARN_UNREACHABLE_CODE = YES;
				CLANG_WARN__DUPLICATE_METHOD_MATCH = YES;
				COPY_PHASE_STRIP = NO;
				DEBUG_INFORMATION_FORMAT = dwarf;
				ENABLE_STRICT_OBJC_MSGSEND = YES;
				ENABLE_TESTABILITY = YES;
				GCC_C_LANGUAGE_STANDARD = gnu11;
				GCC_DYNAMIC_NO_PIC = NO;
				GCC_NO_COMMON_BLOCKS = YES;
				GCC_OPTIMIZATION_LEVEL = 0;
				GCC_PREPROCESSOR_DEFINITIONS = (
					"DEBUG=1",
					"$(inherited)",
				);
				GCC_WARN_64_TO_32_BIT_CONVERSION = YES;
				GCC_WARN_ABOUT_RETURN_TYPE = YES_ERROR;
				GCC_WARN_UNDECLARED_SELECTOR = YES;
				GCC_WARN_UNINITIALIZED_AUTOS = YES_AGGRESSIVE;
				GCC_WARN_UNUSED_FUNCTION = YES;
				GCC_WARN_UNUSED_VARIABLE = YES;
				IPHONEOS_DEPLOYMENT_TARGET = 13.6;
				MTL_ENABLE_DEBUG_INFO = INCLUDE_SOURCE;
				MTL_FAST_MATH = YES;
				ONLY_ACTIVE_ARCH = YES;
				SDKROOT = iphoneos;
				SWIFT_ACTIVE_COMPILATION_CONDITIONS = DEBUG;
				SWIFT_OPTIMIZATION_LEVEL = "-Onone";
			};
			name = Debug;
		};
		B89FE90924F958A500B007F9 /* Release */ = {
			isa = XCBuildConfiguration;
			buildSettings = {
				ALWAYS_SEARCH_USER_PATHS = NO;
				CLANG_ANALYZER_NONNULL = YES;
				CLANG_ANALYZER_NUMBER_OBJECT_CONVERSION = YES_AGGRESSIVE;
				CLANG_CXX_LANGUAGE_STANDARD = "gnu++14";
				CLANG_CXX_LIBRARY = "libc++";
				CLANG_ENABLE_MODULES = YES;
				CLANG_ENABLE_OBJC_ARC = YES;
				CLANG_ENABLE_OBJC_WEAK = YES;
				CLANG_WARN_BLOCK_CAPTURE_AUTORELEASING = YES;
				CLANG_WARN_BOOL_CONVERSION = YES;
				CLANG_WARN_COMMA = YES;
				CLANG_WARN_CONSTANT_CONVERSION = YES;
				CLANG_WARN_DEPRECATED_OBJC_IMPLEMENTATIONS = YES;
				CLANG_WARN_DIRECT_OBJC_ISA_USAGE = YES_ERROR;
				CLANG_WARN_DOCUMENTATION_COMMENTS = YES;
				CLANG_WARN_EMPTY_BODY = YES;
				CLANG_WARN_ENUM_CONVERSION = YES;
				CLANG_WARN_INFINITE_RECURSION = YES;
				CLANG_WARN_INT_CONVERSION = YES;
				CLANG_WARN_NON_LITERAL_NULL_CONVERSION = YES;
				CLANG_WARN_OBJC_IMPLICIT_RETAIN_SELF = YES;
				CLANG_WARN_OBJC_LITERAL_CONVERSION = YES;
				CLANG_WARN_OBJC_ROOT_CLASS = YES_ERROR;
				CLANG_WARN_RANGE_LOOP_ANALYSIS = YES;
				CLANG_WARN_STRICT_PROTOTYPES = YES;
				CLANG_WARN_SUSPICIOUS_MOVE = YES;
				CLANG_WARN_UNGUARDED_AVAILABILITY = YES_AGGRESSIVE;
				CLANG_WARN_UNREACHABLE_CODE = YES;
				CLANG_WARN__DUPLICATE_METHOD_MATCH = YES;
				COPY_PHASE_STRIP = NO;
				DEBUG_INFORMATION_FORMAT = "dwarf-with-dsym";
				ENABLE_NS_ASSERTIONS = NO;
				ENABLE_STRICT_OBJC_MSGSEND = YES;
				GCC_C_LANGUAGE_STANDARD = gnu11;
				GCC_NO_COMMON_BLOCKS = YES;
				GCC_WARN_64_TO_32_BIT_CONVERSION = YES;
				GCC_WARN_ABOUT_RETURN_TYPE = YES_ERROR;
				GCC_WARN_UNDECLARED_SELECTOR = YES;
				GCC_WARN_UNINITIALIZED_AUTOS = YES_AGGRESSIVE;
				GCC_WARN_UNUSED_FUNCTION = YES;
				GCC_WARN_UNUSED_VARIABLE = YES;
				IPHONEOS_DEPLOYMENT_TARGET = 13.6;
				MTL_ENABLE_DEBUG_INFO = NO;
				MTL_FAST_MATH = YES;
				SDKROOT = iphoneos;
				SWIFT_COMPILATION_MODE = wholemodule;
				SWIFT_OPTIMIZATION_LEVEL = "-O";
				VALIDATE_PRODUCT = YES;
			};
			name = Release;
		};
		B89FE90B24F958A600B007F9 /* Debug */ = {
			isa = XCBuildConfiguration;
			baseConfigurationReference = 484906110BAE4065B9DF87D4 /* Pods-TheSportsDB.debug.xcconfig */;
			buildSettings = {
				ASSETCATALOG_COMPILER_APPICON_NAME = AppIcon;
				CODE_SIGN_STYLE = Automatic;
				DEVELOPMENT_TEAM = LJMVSWES29;
				INFOPLIST_FILE = TheSportsDB/Info.plist;
				IPHONEOS_DEPLOYMENT_TARGET = 13.0;
				LD_RUNPATH_SEARCH_PATHS = (
					"$(inherited)",
					"@executable_path/Frameworks",
				);
				PRODUCT_BUNDLE_IDENTIFIER = com.TSDB.app.TheSportsDB;
				PRODUCT_NAME = "$(TARGET_NAME)";
				SWIFT_VERSION = 5.0;
				TARGETED_DEVICE_FAMILY = 1;
			};
			name = Debug;
		};
		B89FE90C24F958A600B007F9 /* Release */ = {
			isa = XCBuildConfiguration;
			baseConfigurationReference = 08204FA8AC495C27749D3DBB /* Pods-TheSportsDB.release.xcconfig */;
			buildSettings = {
				ASSETCATALOG_COMPILER_APPICON_NAME = AppIcon;
				CODE_SIGN_STYLE = Automatic;
				DEVELOPMENT_TEAM = LJMVSWES29;
				INFOPLIST_FILE = TheSportsDB/Info.plist;
				IPHONEOS_DEPLOYMENT_TARGET = 13.0;
				LD_RUNPATH_SEARCH_PATHS = (
					"$(inherited)",
					"@executable_path/Frameworks",
				);
				PRODUCT_BUNDLE_IDENTIFIER = com.TSDB.app.TheSportsDB;
				PRODUCT_NAME = "$(TARGET_NAME)";
				SWIFT_VERSION = 5.0;
				TARGETED_DEVICE_FAMILY = 1;
			};
			name = Release;
		};
/* End XCBuildConfiguration section */

/* Begin XCConfigurationList section */
		B89FE8F124F958A300B007F9 /* Build configuration list for PBXProject "TheSportsDB" */ = {
			isa = XCConfigurationList;
			buildConfigurations = (
				B89FE90824F958A500B007F9 /* Debug */,
				B89FE90924F958A500B007F9 /* Release */,
			);
			defaultConfigurationIsVisible = 0;
			defaultConfigurationName = Release;
		};
		B89FE90A24F958A600B007F9 /* Build configuration list for PBXNativeTarget "TheSportsDB" */ = {
			isa = XCConfigurationList;
			buildConfigurations = (
				B89FE90B24F958A600B007F9 /* Debug */,
				B89FE90C24F958A600B007F9 /* Release */,
			);
			defaultConfigurationIsVisible = 0;
			defaultConfigurationName = Release;
		};
/* End XCConfigurationList section */
	};
	rootObject = B89FE8EE24F958A300B007F9 /* Project object */;
}
